
Microsoft Visual Studio Solution File, Format Version 12.00
# Visual Studio 2013
VisualStudioVersion = 12.0.30110.0
MinimumVisualStudioVersion = 10.0.40219.1
Project("{FAE04EC0-301F-11D3-BF4B-00C04F79EFBC}") = "Capture", "Capture\Capture.csproj", "{CF821460-3ABF-4128-BAD5-872E6AF7F6FB}"
EndProject
Project("{8BC9CEB8-8B4A-11D0-8D11-00A0C91BC942}") = "Kaptura.VideoSegmentation", "Kaptura.VideoSegmentation\Kaptura.VideoSegmentation.vcxproj", "{F4282DAC-9924-4D8A-8C60-9700DF95469D}"
EndProject
Project("{8BC9CEB8-8B4A-11D0-8D11-00A0C91BC942}") = "Kaltura.CaptureEngine.Common", "Kaltura.CaptureEngine.Common\Kaltura.CaptureEngine.Common.vcxproj", "{EDD20AEE-387D-46B5-883D-8C8546F01875}"
EndProject
Project("{8BC9CEB8-8B4A-11D0-8D11-00A0C91BC942}") = "Kaltura.CaptureEngine", "Kaltura.CaptureEngine\Kaltura.CaptureEngine.vcxproj", "{B6D7AF9A-4DAF-40DF-A22F-32EFF9B9FB9E}"
EndProject
Project("{8BC9CEB8-8B4A-11D0-8D11-00A0C91BC942}") = "Kaltura.CaptureEngine.Test", "Kaltura.CaptureEngine.Test\Kaltura.CaptureEngine.Test.vcxproj", "{16091B65-2FFA-43AA-82FE-B804B1F9BD80}"
EndProject
Global
	GlobalSection(SolutionConfigurationPlatforms) = preSolution
		Debug|Any CPU = Debug|Any CPU
		Debug|Mixed Platforms = Debug|Mixed Platforms
		Debug|Win32 = Debug|Win32
		Debug|x64 = Debug|x64
		Release|Any CPU = Release|Any CPU
		Release|Mixed Platforms = Release|Mixed Platforms
		Release|Win32 = Release|Win32
		Release|x64 = Release|x64
	EndGlobalSection
	GlobalSection(ProjectConfigurationPlatforms) = postSolution
		{CF821460-3ABF-4128-BAD5-872E6AF7F6FB}.Debug|Any CPU.ActiveCfg = Debug|Any CPU
		{CF821460-3ABF-4128-BAD5-872E6AF7F6FB}.Debug|Any CPU.Build.0 = Debug|Any CPU
		{CF821460-3ABF-4128-BAD5-872E6AF7F6FB}.Debug|Mixed Platforms.ActiveCfg = Debug|Any CPU
		{CF821460-3ABF-4128-BAD5-872E6AF7F6FB}.Debug|Win32.ActiveCfg = Debug|Any CPU
		{CF821460-3ABF-4128-BAD5-872E6AF7F6FB}.Debug|x64.ActiveCfg = Debug|Any CPU
		{CF821460-3ABF-4128-BAD5-872E6AF7F6FB}.Release|Any CPU.ActiveCfg = Release|Any CPU
		{CF821460-3ABF-4128-BAD5-872E6AF7F6FB}.Release|Any CPU.Build.0 = Release|Any CPU
		{CF821460-3ABF-4128-BAD5-872E6AF7F6FB}.Release|Mixed Platforms.ActiveCfg = Release|Any CPU
		{CF821460-3ABF-4128-BAD5-872E6AF7F6FB}.Release|Mixed Platforms.Build.0 = Release|Any CPU
		{CF821460-3ABF-4128-BAD5-872E6AF7F6FB}.Release|Win32.ActiveCfg = Release|Any CPU
		{CF821460-3ABF-4128-BAD5-872E6AF7F6FB}.Release|x64.ActiveCfg = Release|Any CPU
		{F4282DAC-9924-4D8A-8C60-9700DF95469D}.Debug|Any CPU.ActiveCfg = Debug|Win32
		{F4282DAC-9924-4D8A-8C60-9700DF95469D}.Debug|Mixed Platforms.ActiveCfg = Debug|Win32
		{F4282DAC-9924-4D8A-8C60-9700DF95469D}.Debug|Win32.ActiveCfg = Debug|Win32
		{F4282DAC-9924-4D8A-8C60-9700DF95469D}.Debug|Win32.Build.0 = Debug|Win32
		{F4282DAC-9924-4D8A-8C60-9700DF95469D}.Debug|x64.ActiveCfg = Debug|Win32
		{F4282DAC-9924-4D8A-8C60-9700DF95469D}.Release|Any CPU.ActiveCfg = Release|Win32
		{F4282DAC-9924-4D8A-8C60-9700DF95469D}.Release|Mixed Platforms.ActiveCfg = Release|Win32
		{F4282DAC-9924-4D8A-8C60-9700DF95469D}.Release|Mixed Platforms.Build.0 = Release|Win32
		{F4282DAC-9924-4D8A-8C60-9700DF95469D}.Release|Win32.ActiveCfg = Release|Win32
		{F4282DAC-9924-4D8A-8C60-9700DF95469D}.Release|Win32.Build.0 = Release|Win32
		{F4282DAC-9924-4D8A-8C60-9700DF95469D}.Release|x64.ActiveCfg = Release|Win32
		{EDD20AEE-387D-46B5-883D-8C8546F01875}.Debug|Any CPU.ActiveCfg = Debug|Win32
		{EDD20AEE-387D-46B5-883D-8C8546F01875}.Debug|Mixed Platforms.ActiveCfg = Debug|Win32
		{EDD20AEE-387D-46B5-883D-8C8546F01875}.Debug|Mixed Platforms.Build.0 = Debug|Win32
		{EDD20AEE-387D-46B5-883D-8C8546F01875}.Debug|Win32.ActiveCfg = Debug|Win32
		{EDD20AEE-387D-46B5-883D-8C8546F01875}.Debug|Win32.Build.0 = Debug|Win32
		{EDD20AEE-387D-46B5-883D-8C8546F01875}.Debug|x64.ActiveCfg = Debug|Win32
		{EDD20AEE-387D-46B5-883D-8C8546F01875}.Release|Any CPU.ActiveCfg = Release|Win32
		{EDD20AEE-387D-46B5-883D-8C8546F01875}.Release|Mixed Platforms.ActiveCfg = Release|Win32
		{EDD20AEE-387D-46B5-883D-8C8546F01875}.Release|Mixed Platforms.Build.0 = Release|Win32
		{EDD20AEE-387D-46B5-883D-8C8546F01875}.Release|Win32.ActiveCfg = Release|Win32
		{EDD20AEE-387D-46B5-883D-8C8546F01875}.Release|Win32.Build.0 = Release|Win32
		{EDD20AEE-387D-46B5-883D-8C8546F01875}.Release|x64.ActiveCfg = Release|Win32
		{B6D7AF9A-4DAF-40DF-A22F-32EFF9B9FB9E}.Debug|Any CPU.ActiveCfg = Debug|Win32
		{B6D7AF9A-4DAF-40DF-A22F-32EFF9B9FB9E}.Debug|Mixed Platforms.ActiveCfg = Debug|Win32
		{B6D7AF9A-4DAF-40DF-A22F-32EFF9B9FB9E}.Debug|Mixed Platforms.Build.0 = Debug|Win32
		{B6D7AF9A-4DAF-40DF-A22F-32EFF9B9FB9E}.Debug|Win32.ActiveCfg = Debug|Win32
		{B6D7AF9A-4DAF-40DF-A22F-32EFF9B9FB9E}.Debug|Win32.Build.0 = Debug|Win32
		{B6D7AF9A-4DAF-40DF-A22F-32EFF9B9FB9E}.Debug|x64.ActiveCfg = Debug|Win32
		{B6D7AF9A-4DAF-40DF-A22F-32EFF9B9FB9E}.Release|Any CPU.ActiveCfg = Release|Win32
		{B6D7AF9A-4DAF-40DF-A22F-32EFF9B9FB9E}.Release|Mixed Platforms.ActiveCfg = Release|Win32
		{B6D7AF9A-4DAF-40DF-A22F-32EFF9B9FB9E}.Release|Mixed Platforms.Build.0 = Release|Win32
		{B6D7AF9A-4DAF-40DF-A22F-32EFF9B9FB9E}.Release|Win32.ActiveCfg = Release|Win32
		{B6D7AF9A-4DAF-40DF-A22F-32EFF9B9FB9E}.Release|Win32.Build.0 = Release|Win32
		{B6D7AF9A-4DAF-40DF-A22F-32EFF9B9FB9E}.Release|x64.ActiveCfg = Release|Win32
		{16091B65-2FFA-43AA-82FE-B804B1F9BD80}.Debug|Any CPU.ActiveCfg = Debug|Win32
		{16091B65-2FFA-43AA-82FE-B804B1F9BD80}.Debug|Mixed Platforms.ActiveCfg = Debug|Win32
		{16091B65-2FFA-43AA-82FE-B804B1F9BD80}.Debug|Mixed Platforms.Build.0 = Debug|Win32
		{16091B65-2FFA-43AA-82FE-B804B1F9BD80}.Debug|Win32.ActiveCfg = Debug|Win32
		{16091B65-2FFA-43AA-82FE-B804B1F9BD80}.Debug|Win32.Build.0 = Debug|Win32
		{16091B65-2FFA-43AA-82FE-B804B1F9BD80}.Debug|x64.ActiveCfg = Debug|Win32
		{16091B65-2FFA-43AA-82FE-B804B1F9BD80}.Release|Any CPU.ActiveCfg = Release|Win32
		{16091B65-2FFA-43AA-82FE-B804B1F9BD80}.Release|Mixed Platforms.ActiveCfg = Release|Win32
		{16091B65-2FFA-43AA-82FE-B804B1F9BD80}.Release|Mixed Platforms.Build.0 = Release|Win32
		{16091B65-2FFA-43AA-82FE-B804B1F9BD80}.Release|Win32.ActiveCfg = Release|Win32
		{16091B65-2FFA-43AA-82FE-B804B1F9BD80}.Release|Win32.Build.0 = Release|Win32
		{16091B65-2FFA-43AA-82FE-B804B1F9BD80}.Release|x64.ActiveCfg = Release|Win32
	EndGlobalSection
	GlobalSection(SolutionProperties) = preSolution
		HideSolutionNode = FALSE
	EndGlobalSection
EndGlobal
